
Microsoft Visual Studio Solution File, Format Version 12.00
# Visual Studio 15
VisualStudioVersion = 15.0.28307.779
MinimumVisualStudioVersion = 10.0.40219.1
Project("{2150E333-8FDC-42A3-9474-1A3956D46DE8}") = "Source", "Source", "{38AE6801-61D7-4080-9072-6019DCC8AB37}"
EndProject
Project("{FAE04EC0-301F-11D3-BF4B-00C04F79EFBC}") = "OrderManagement.Addin", "Source\UI\OrderManagement.Addin\OrderManagement.Addin.csproj", "{2AB26B9A-F67A-4C5A-91E0-BDD017F3EF69}"
EndProject
Project("{FAE04EC0-301F-11D3-BF4B-00C04F79EFBC}") = "OrderManagement.Addin.Commands", "Source\UI\OrderManagement.Addin.Commands\OrderManagement.Addin.Commands.csproj", "{F5914169-FFF0-48B9-9BC7-CE215C7AF938}"
EndProject
Project("{2150E333-8FDC-42A3-9474-1A3956D46DE8}") = "SolutionItems", "SolutionItems", "{8BBD9308-158A-4E64-AA6F-0A441E8EA9DF}"
	ProjectSection(SolutionItems) = preProject
		SolutionItems\Key.snk = SolutionItems\Key.snk
	EndProjectSection
EndProject
Project("{FAE04EC0-301F-11D3-BF4B-00C04F79EFBC}") = "OrderManagement.Addin.Controls", "Source\UI\OrderManagement.Addin.Controls\OrderManagement.Addin.Controls.csproj", "{7A9CA36D-A576-4BE0-8A55-5B822A63380F}"
EndProject
Project("{2150E333-8FDC-42A3-9474-1A3956D46DE8}") = "UI", "UI", "{84FB5E70-CDAF-4B2F-8585-A8D451809809}"
EndProject
Project("{2150E333-8FDC-42A3-9474-1A3956D46DE8}") = "Utilities", "Utilities", "{3AE8DF15-0711-4BBF-9EF3-029EE87F7C54}"
EndProject
Project("{FAE04EC0-301F-11D3-BF4B-00C04F79EFBC}") = "OrderManagement.Addin.Utilities", "Source\Utilities\OrderManagement.Addin.Utilities\OrderManagement.Addin.Utilities.csproj", "{015F21ED-0DB0-4955-ADD4-E6C896E6E50D}"
EndProject
Project("{2150E333-8FDC-42A3-9474-1A3956D46DE8}") = "Common", "Common", "{F904957C-B8C7-47DA-B4CD-0FBFADF7EB48}"
EndProject
Project("{FAE04EC0-301F-11D3-BF4B-00C04F79EFBC}") = "OrderManagement.Addin.Models", "Source\Common\OrderManagement.Addin.Models\OrderManagement.Addin.Models.csproj", "{66AE3751-D942-46A8-AEA0-9391F403F24A}"
EndProject
Project("{2150E333-8FDC-42A3-9474-1A3956D46DE8}") = "Data", "Data", "{5D6F9525-D0AD-46EC-8582-D620473E4943}"
EndProject
Project("{FAE04EC0-301F-11D3-BF4B-00C04F79EFBC}") = "OrderManagement.Addin.Data", "Source\Data\OrderManagement.Addin.Data\OrderManagement.Addin.Data.csproj", "{8E1EDF73-6B62-4543-B6E1-3A7F4005898B}"
EndProject
Global
	GlobalSection(SolutionConfigurationPlatforms) = preSolution
		Debug|Any CPU = Debug|Any CPU
		Release|Any CPU = Release|Any CPU
	EndGlobalSection
	GlobalSection(ProjectConfigurationPlatforms) = postSolution
		{2AB26B9A-F67A-4C5A-91E0-BDD017F3EF69}.Debug|Any CPU.ActiveCfg = Debug|Any CPU
		{2AB26B9A-F67A-4C5A-91E0-BDD017F3EF69}.Debug|Any CPU.Build.0 = Debug|Any CPU
		{2AB26B9A-F67A-4C5A-91E0-BDD017F3EF69}.Release|Any CPU.ActiveCfg = Release|Any CPU
		{2AB26B9A-F67A-4C5A-91E0-BDD017F3EF69}.Release|Any CPU.Build.0 = Release|Any CPU
		{F5914169-FFF0-48B9-9BC7-CE215C7AF938}.Debug|Any CPU.ActiveCfg = Debug|Any CPU
		{F5914169-FFF0-48B9-9BC7-CE215C7AF938}.Debug|Any CPU.Build.0 = Debug|Any CPU
		{F5914169-FFF0-48B9-9BC7-CE215C7AF938}.Release|Any CPU.ActiveCfg = Release|Any CPU
		{F5914169-FFF0-48B9-9BC7-CE215C7AF938}.Release|Any CPU.Build.0 = Release|Any CPU
		{7A9CA36D-A576-4BE0-8A55-5B822A63380F}.Debug|Any CPU.ActiveCfg = Debug|Any CPU
		{7A9CA36D-A576-4BE0-8A55-5B822A63380F}.Debug|Any CPU.Build.0 = Debug|Any CPU
		{7A9CA36D-A576-4BE0-8A55-5B822A63380F}.Release|Any CPU.ActiveCfg = Release|Any CPU
		{7A9CA36D-A576-4BE0-8A55-5B822A63380F}.Release|Any CPU.Build.0 = Release|Any CPU
		{015F21ED-0DB0-4955-ADD4-E6C896E6E50D}.Debug|Any CPU.ActiveCfg = Debug|Any CPU
		{015F21ED-0DB0-4955-ADD4-E6C896E6E50D}.Debug|Any CPU.Build.0 = Debug|Any CPU
		{015F21ED-0DB0-4955-ADD4-E6C896E6E50D}.Release|Any CPU.ActiveCfg = Release|Any CPU
		{015F21ED-0DB0-4955-ADD4-E6C896E6E50D}.Release|Any CPU.Build.0 = Release|Any CPU
		{66AE3751-D942-46A8-AEA0-9391F403F24A}.Debug|Any CPU.ActiveCfg = Debug|Any CPU
		{66AE3751-D942-46A8-AEA0-9391F403F24A}.Debug|Any CPU.Build.0 = Debug|Any CPU
		{66AE3751-D942-46A8-AEA0-9391F403F24A}.Release|Any CPU.ActiveCfg = Release|Any CPU
		{66AE3751-D942-46A8-AEA0-9391F403F24A}.Release|Any CPU.Build.0 = Release|Any CPU
		{8E1EDF73-6B62-4543-B6E1-3A7F4005898B}.Debug|Any CPU.ActiveCfg = Debug|Any CPU
		{8E1EDF73-6B62-4543-B6E1-3A7F4005898B}.Debug|Any CPU.Build.0 = Debug|Any CPU
		{8E1EDF73-6B62-4543-B6E1-3A7F4005898B}.Release|Any CPU.ActiveCfg = Release|Any CPU
		{8E1EDF73-6B62-4543-B6E1-3A7F4005898B}.Release|Any CPU.Build.0 = Release|Any CPU
	EndGlobalSection
	GlobalSection(SolutionProperties) = preSolution
		HideSolutionNode = FALSE
	EndGlobalSection
	GlobalSection(NestedProjects) = preSolution
		{2AB26B9A-F67A-4C5A-91E0-BDD017F3EF69} = {84FB5E70-CDAF-4B2F-8585-A8D451809809}
		{F5914169-FFF0-48B9-9BC7-CE215C7AF938} = {84FB5E70-CDAF-4B2F-8585-A8D451809809}
		{7A9CA36D-A576-4BE0-8A55-5B822A63380F} = {84FB5E70-CDAF-4B2F-8585-A8D451809809}
		{84FB5E70-CDAF-4B2F-8585-A8D451809809} = {38AE6801-61D7-4080-9072-6019DCC8AB37}
		{3AE8DF15-0711-4BBF-9EF3-029EE87F7C54} = {38AE6801-61D7-4080-9072-6019DCC8AB37}
		{015F21ED-0DB0-4955-ADD4-E6C896E6E50D} = {3AE8DF15-0711-4BBF-9EF3-029EE87F7C54}
		{F904957C-B8C7-47DA-B4CD-0FBFADF7EB48} = {38AE6801-61D7-4080-9072-6019DCC8AB37}
		{66AE3751-D942-46A8-AEA0-9391F403F24A} = {F904957C-B8C7-47DA-B4CD-0FBFADF7EB48}
		{5D6F9525-D0AD-46EC-8582-D620473E4943} = {38AE6801-61D7-4080-9072-6019DCC8AB37}
		{8E1EDF73-6B62-4543-B6E1-3A7F4005898B} = {5D6F9525-D0AD-46EC-8582-D620473E4943}
	EndGlobalSection
	GlobalSection(ExtensibilityGlobals) = postSolution
		SolutionGuid = {56048F5A-1C9E-4891-9805-9E99596CC4F1}
	EndGlobalSection
EndGlobal
